
Microsoft Visual Studio Solution File, Format Version 12.00
Project("{2150E333-8FDC-42A3-9474-1A3956D46DE8}") = "src", "src", "{705DC679-771D-49F0-847C-A45196C14FE4}"
EndProject
Project("{2150E333-8FDC-42A3-9474-1A3956D46DE8}") = "Common", "Common", "{BD20F53D-3333-4A46-BEF7-1F18D722812C}"
EndProject
Project("{2150E333-8FDC-42A3-9474-1A3956D46DE8}") = "Articles", "Articles", "{F4A0E3B7-4DCB-4D3B-8108-A94D53932ACE}"
EndProject
Project("{2150E333-8FDC-42A3-9474-1A3956D46DE8}") = "Application", "Application", "{DEB23E64-92F4-4E0B-8833-3D1BBD3FCAE6}"
EndProject
Project("{2150E333-8FDC-42A3-9474-1A3956D46DE8}") = "Domain", "Domain", "{CBA070C8-2ED3-4062-A006-53300546CF7D}"
EndProject
Project("{2150E333-8FDC-42A3-9474-1A3956D46DE8}") = "Contracts", "Contracts", "{CECD714A-512D-46C3-B8EB-D97549D35186}"
EndProject
Project("{2150E333-8FDC-42A3-9474-1A3956D46DE8}") = "Hosts", "Hosts", "{5BCA47B0-DCDB-4F11-A056-EB64A8F16C5B}"
EndProject
Project("{2150E333-8FDC-42A3-9474-1A3956D46DE8}") = "Infrastructure", "Infrastructure", "{032AB2DC-4540-4BA8-BB3F-59346F3E857E}"
EndProject
Project("{2150E333-8FDC-42A3-9474-1A3956D46DE8}") = "Clients", "Clients", "{2ADC3C91-AA14-4C6C-A04A-7C7BB34F382C}"
EndProject
Project("{FAE04EC0-301F-11D3-BF4B-00C04F79EFBC}") = "Articles.AppServices", "src\Articles\Application\Articles.AppServices\Articles.AppServices.csproj", "{A98384C6-66A4-4D27-9501-94E1554B8744}"
EndProject
Project("{FAE04EC0-301F-11D3-BF4B-00C04F79EFBC}") = "Articles.Contracts", "src\Articles\Contracts\Articles.Contracts\Articles.Contracts.csproj", "{F31109C7-2804-46E1-B55F-F8DC4341807D}"
EndProject
Project("{FAE04EC0-301F-11D3-BF4B-00C04F79EFBC}") = "Articles.Domain", "src\Articles\Domain\Articles.Domain\Articles.Domain.csproj", "{66E0BBC0-1219-4D48-A6C6-56B68DFEE7E5}"
EndProject
Project("{FAE04EC0-301F-11D3-BF4B-00C04F79EFBC}") = "Articles.Infrastructure", "src\Articles\Infrastructure\Articles.Infrastructure\Articles.Infrastructure.csproj", "{33F9BE69-5065-4E18-B37A-4FE3A307F65B}"
EndProject
Project("{FAE04EC0-301F-11D3-BF4B-00C04F79EFBC}") = "Articles.Infrastructure.ComponentRegistrar", "src\Articles\Infrastructure\Articles.Infrastructure.ComponentRegistrar\Articles.Infrastructure.ComponentRegistrar.csproj", "{51BC3633-C010-433A-8801-593A2F5F112D}"
EndProject
Project("{FAE04EC0-301F-11D3-BF4B-00C04F79EFBC}") = "Articles.Infrastructure.DataAccess", "src\Articles\Infrastructure\Articles.Infrastructure.DataAccess\Articles.Infrastructure.DataAccess.csproj", "{28B1E150-CBB2-4DFA-B107-3BFE9FB832F8}"
EndProject
Project("{FAE04EC0-301F-11D3-BF4B-00C04F79EFBC}") = "Articles.Hosts.Api", "src\Articles\Hosts\Articles.Hosts.Api\Articles.Hosts.Api.csproj", "{9971ADEF-970C-4BCE-8DDF-F42D33B38C7E}"
EndProject
Project("{2150E333-8FDC-42A3-9474-1A3956D46DE8}") = "tests", "tests", "{25EFFBD5-7663-404D-ACDF-DC0ACF48D92B}"
EndProject
Project("{2150E333-8FDC-42A3-9474-1A3956D46DE8}") = "Solution Items", "Solution Items", "{11B41543-B5F8-438D-8FF1-DABC90C22400}"
	ProjectSection(SolutionItems) = preProject
		compose.yaml = compose.yaml
	EndProjectSection
EndProject
Global
	GlobalSection(SolutionConfigurationPlatforms) = preSolution
		Debug|Any CPU = Debug|Any CPU
		Release|Any CPU = Release|Any CPU
	EndGlobalSection
	GlobalSection(NestedProjects) = preSolution
		{BD20F53D-3333-4A46-BEF7-1F18D722812C} = {705DC679-771D-49F0-847C-A45196C14FE4}
		{F4A0E3B7-4DCB-4D3B-8108-A94D53932ACE} = {705DC679-771D-49F0-847C-A45196C14FE4}
		{DEB23E64-92F4-4E0B-8833-3D1BBD3FCAE6} = {F4A0E3B7-4DCB-4D3B-8108-A94D53932ACE}
		{CBA070C8-2ED3-4062-A006-53300546CF7D} = {F4A0E3B7-4DCB-4D3B-8108-A94D53932ACE}
		{CECD714A-512D-46C3-B8EB-D97549D35186} = {F4A0E3B7-4DCB-4D3B-8108-A94D53932ACE}
		{5BCA47B0-DCDB-4F11-A056-EB64A8F16C5B} = {F4A0E3B7-4DCB-4D3B-8108-A94D53932ACE}
		{032AB2DC-4540-4BA8-BB3F-59346F3E857E} = {F4A0E3B7-4DCB-4D3B-8108-A94D53932ACE}
		{2ADC3C91-AA14-4C6C-A04A-7C7BB34F382C} = {F4A0E3B7-4DCB-4D3B-8108-A94D53932ACE}
		{A98384C6-66A4-4D27-9501-94E1554B8744} = {DEB23E64-92F4-4E0B-8833-3D1BBD3FCAE6}
		{F31109C7-2804-46E1-B55F-F8DC4341807D} = {CECD714A-512D-46C3-B8EB-D97549D35186}
		{66E0BBC0-1219-4D48-A6C6-56B68DFEE7E5} = {CBA070C8-2ED3-4062-A006-53300546CF7D}
		{33F9BE69-5065-4E18-B37A-4FE3A307F65B} = {032AB2DC-4540-4BA8-BB3F-59346F3E857E}
		{51BC3633-C010-433A-8801-593A2F5F112D} = {032AB2DC-4540-4BA8-BB3F-59346F3E857E}
		{28B1E150-CBB2-4DFA-B107-3BFE9FB832F8} = {032AB2DC-4540-4BA8-BB3F-59346F3E857E}
		{9971ADEF-970C-4BCE-8DDF-F42D33B38C7E} = {5BCA47B0-DCDB-4F11-A056-EB64A8F16C5B}
		{25EFFBD5-7663-404D-ACDF-DC0ACF48D92B} = {F4A0E3B7-4DCB-4D3B-8108-A94D53932ACE}
	EndGlobalSection
	GlobalSection(ProjectConfigurationPlatforms) = postSolution
		{A98384C6-66A4-4D27-9501-94E1554B8744}.Debug|Any CPU.ActiveCfg = Debug|Any CPU
		{A98384C6-66A4-4D27-9501-94E1554B8744}.Debug|Any CPU.Build.0 = Debug|Any CPU
		{A98384C6-66A4-4D27-9501-94E1554B8744}.Release|Any CPU.ActiveCfg = Release|Any CPU
		{A98384C6-66A4-4D27-9501-94E1554B8744}.Release|Any CPU.Build.0 = Release|Any CPU
		{F31109C7-2804-46E1-B55F-F8DC4341807D}.Debug|Any CPU.ActiveCfg = Debug|Any CPU
		{F31109C7-2804-46E1-B55F-F8DC4341807D}.Debug|Any CPU.Build.0 = Debug|Any CPU
		{F31109C7-2804-46E1-B55F-F8DC4341807D}.Release|Any CPU.ActiveCfg = Release|Any CPU
		{F31109C7-2804-46E1-B55F-F8DC4341807D}.Release|Any CPU.Build.0 = Release|Any CPU
		{66E0BBC0-1219-4D48-A6C6-56B68DFEE7E5}.Debug|Any CPU.ActiveCfg = Debug|Any CPU
		{66E0BBC0-1219-4D48-A6C6-56B68DFEE7E5}.Debug|Any CPU.Build.0 = Debug|Any CPU
		{66E0BBC0-1219-4D48-A6C6-56B68DFEE7E5}.Release|Any CPU.ActiveCfg = Release|Any CPU
		{66E0BBC0-1219-4D48-A6C6-56B68DFEE7E5}.Release|Any CPU.Build.0 = Release|Any CPU
		{33F9BE69-5065-4E18-B37A-4FE3A307F65B}.Debug|Any CPU.ActiveCfg = Debug|Any CPU
		{33F9BE69-5065-4E18-B37A-4FE3A307F65B}.Debug|Any CPU.Build.0 = Debug|Any CPU
		{33F9BE69-5065-4E18-B37A-4FE3A307F65B}.Release|Any CPU.ActiveCfg = Release|Any CPU
		{33F9BE69-5065-4E18-B37A-4FE3A307F65B}.Release|Any CPU.Build.0 = Release|Any CPU
		{51BC3633-C010-433A-8801-593A2F5F112D}.Debug|Any CPU.ActiveCfg = Debug|Any CPU
		{51BC3633-C010-433A-8801-593A2F5F112D}.Debug|Any CPU.Build.0 = Debug|Any CPU
		{51BC3633-C010-433A-8801-593A2F5F112D}.Release|Any CPU.ActiveCfg = Release|Any CPU
		{51BC3633-C010-433A-8801-593A2F5F112D}.Release|Any CPU.Build.0 = Release|Any CPU
		{28B1E150-CBB2-4DFA-B107-3BFE9FB832F8}.Debug|Any CPU.ActiveCfg = Debug|Any CPU
		{28B1E150-CBB2-4DFA-B107-3BFE9FB832F8}.Debug|Any CPU.Build.0 = Debug|Any CPU
		{28B1E150-CBB2-4DFA-B107-3BFE9FB832F8}.Release|Any CPU.ActiveCfg = Release|Any CPU
		{28B1E150-CBB2-4DFA-B107-3BFE9FB832F8}.Release|Any CPU.Build.0 = Release|Any CPU
		{9971ADEF-970C-4BCE-8DDF-F42D33B38C7E}.Debug|Any CPU.ActiveCfg = Debug|Any CPU
		{9971ADEF-970C-4BCE-8DDF-F42D33B38C7E}.Debug|Any CPU.Build.0 = Debug|Any CPU
		{9971ADEF-970C-4BCE-8DDF-F42D33B38C7E}.Release|Any CPU.ActiveCfg = Release|Any CPU
		{9971ADEF-970C-4BCE-8DDF-F42D33B38C7E}.Release|Any CPU.Build.0 = Release|Any CPU
	EndGlobalSection
EndGlobal
